
Microsoft Visual Studio Solution File, Format Version 12.00
# Visual Studio Version 17
VisualStudioVersion = 17.9.34622.214
MinimumVisualStudioVersion = 10.0.40219.1
Project("{FAE04EC0-301F-11D3-BF4B-00C04F79EFBC}") = "MMKVParser", "MMKVParser\MMKVParser.csproj", "{D73CDC04-A714-4DC8-8DA5-36BE7688F8A9}"
EndProject
Project("{FAE04EC0-301F-11D3-BF4B-00C04F79EFBC}") = "MMKVParser.Tests", "MMKVParser.Tests\MMKVParser.Tests.csproj", "{40BE8A3E-5FCF-4DE7-9A38-6323C4FD1084}"
EndProject
Global
	GlobalSection(SolutionConfigurationPlatforms) = preSolution
		Debug|Any CPU = Debug|Any CPU
		Release|Any CPU = Release|Any CPU
	EndGlobalSection
	GlobalSection(ProjectConfigurationPlatforms) = postSolution
		{D73CDC04-A714-4DC8-8DA5-36BE7688F8A9}.Debug|Any CPU.ActiveCfg = Debug|Any CPU
		{D73CDC04-A714-4DC8-8DA5-36BE7688F8A9}.Debug|Any CPU.Build.0 = Debug|Any CPU
		{D73CDC04-A714-4DC8-8DA5-36BE7688F8A9}.Release|Any CPU.ActiveCfg = Release|Any CPU
		{D73CDC04-A714-4DC8-8DA5-36BE7688F8A9}.Release|Any CPU.Build.0 = Release|Any CPU
		{40BE8A3E-5FCF-4DE7-9A38-6323C4FD1084}.Debug|Any CPU.ActiveCfg = Debug|Any CPU
		{40BE8A3E-5FCF-4DE7-9A38-6323C4FD1084}.Debug|Any CPU.Build.0 = Debug|Any CPU
		{40BE8A3E-5FCF-4DE7-9A38-6323C4FD1084}.Release|Any CPU.ActiveCfg = Release|Any CPU
		{40BE8A3E-5FCF-4DE7-9A38-6323C4FD1084}.Release|Any CPU.Build.0 = Release|Any CPU
	EndGlobalSection
	GlobalSection(SolutionProperties) = preSolution
		HideSolutionNode = FALSE
	EndGlobalSection
	GlobalSection(ExtensibilityGlobals) = postSolution
		SolutionGuid = {B723F6C1-A94C-4346-B087-20579ADD7D79}
	EndGlobalSection
EndGlobal
